
Microsoft Visual Studio Solution File, Format Version 12.00
# Visual Studio Version 16
VisualStudioVersion = 16.0.29806.167
MinimumVisualStudioVersion = 10.0.40219.1
Project("{8BC9CEB8-8B4A-11D0-8D11-00A0C91BC942}") = "kdmp-parser", "kdmp-parser\kdmp-parser.vcxproj", "{31E1FDA3-3F64-4108-AD72-B808CF27402E}"
EndProject
Project("{8BC9CEB8-8B4A-11D0-8D11-00A0C91BC942}") = "test", "test\test.vcxproj", "{CA7DFA72-2B0F-4599-806F-DFAF0B1C54CA}"
	ProjectSection(ProjectDependencies) = postProject
		{31E1FDA3-3F64-4108-AD72-B808CF27402E} = {31E1FDA3-3F64-4108-AD72-B808CF27402E}
	EndProjectSection
EndProject
Global
	GlobalSection(SolutionConfigurationPlatforms) = preSolution
		Debug|x64 = Debug|x64
		Debug|x86 = Debug|x86
		Release|x64 = Release|x64
		Release|x86 = Release|x86
	EndGlobalSection
	GlobalSection(ProjectConfigurationPlatforms) = postSolution
		{31E1FDA3-3F64-4108-AD72-B808CF27402E}.Debug|x64.ActiveCfg = Debug|x64
		{31E1FDA3-3F64-4108-AD72-B808CF27402E}.Debug|x64.Build.0 = Debug|x64
		{31E1FDA3-3F64-4108-AD72-B808CF27402E}.Debug|x86.ActiveCfg = Debug|Win32
		{31E1FDA3-3F64-4108-AD72-B808CF27402E}.Debug|x86.Build.0 = Debug|Win32
		{31E1FDA3-3F64-4108-AD72-B808CF27402E}.Release|x64.ActiveCfg = Release|x64
		{31E1FDA3-3F64-4108-AD72-B808CF27402E}.Release|x64.Build.0 = Release|x64
		{31E1FDA3-3F64-4108-AD72-B808CF27402E}.Release|x86.ActiveCfg = Release|Win32
		{31E1FDA3-3F64-4108-AD72-B808CF27402E}.Release|x86.Build.0 = Release|Win32
		{CA7DFA72-2B0F-4599-806F-DFAF0B1C54CA}.Debug|x64.ActiveCfg = Debug|x64
		{CA7DFA72-2B0F-4599-806F-DFAF0B1C54CA}.Debug|x64.Build.0 = Debug|x64
		{CA7DFA72-2B0F-4599-806F-DFAF0B1C54CA}.Debug|x86.ActiveCfg = Debug|Win32
		{CA7DFA72-2B0F-4599-806F-DFAF0B1C54CA}.Debug|x86.Build.0 = Debug|Win32
		{CA7DFA72-2B0F-4599-806F-DFAF0B1C54CA}.Release|x64.ActiveCfg = Release|x64
		{CA7DFA72-2B0F-4599-806F-DFAF0B1C54CA}.Release|x64.Build.0 = Release|x64
		{CA7DFA72-2B0F-4599-806F-DFAF0B1C54CA}.Release|x86.ActiveCfg = Release|Win32
		{CA7DFA72-2B0F-4599-806F-DFAF0B1C54CA}.Release|x86.Build.0 = Release|Win32
	EndGlobalSection
	GlobalSection(SolutionProperties) = preSolution
		HideSolutionNode = FALSE
	EndGlobalSection
	GlobalSection(ExtensibilityGlobals) = postSolution
		SolutionGuid = {5851FD82-7024-4826-B47C-2B6310CD7AC9}
	EndGlobalSection
EndGlobal
